// !$*UTF8*$!
{
	archiveVersion = 1;
	classes = {
	};
	objectVersion = 50;
	objects = {

/* Begin PBXBuildFile section */
		39099B16215ABA7E002E6E25 /* AppDelegate.swift in Sources */ = {isa = PBXBuildFile; fileRef = 39099B15215ABA7E002E6E25 /* AppDelegate.swift */; };
		39099B18215ABA7E002E6E25 /* SearchController.swift in Sources */ = {isa = PBXBuildFile; fileRef = 39099B17215ABA7E002E6E25 /* SearchController.swift */; };
		39099B1B215ABA7E002E6E25 /* Main.storyboard in Resources */ = {isa = PBXBuildFile; fileRef = 39099B19215ABA7E002E6E25 /* Main.storyboard */; };
		39099B1D215ABA83002E6E25 /* Assets.xcassets in Resources */ = {isa = PBXBuildFile; fileRef = 39099B1C215ABA83002E6E25 /* Assets.xcassets */; };
		39099B20215ABA83002E6E25 /* LaunchScreen.storyboard in Resources */ = {isa = PBXBuildFile; fileRef = 39099B1E215ABA83002E6E25 /* LaunchScreen.storyboard */; };
		39099B2B215ABA84002E6E25 /* Mini_Project___Search_FilterTests.swift in Sources */ = {isa = PBXBuildFile; fileRef = 39099B2A215ABA84002E6E25 /* Mini_Project___Search_FilterTests.swift */; };
		39099B3A215AC10B002E6E25 /* SearchItemCollectionViewCell.swift in Sources */ = {isa = PBXBuildFile; fileRef = 39099B38215AC10B002E6E25 /* SearchItemCollectionViewCell.swift */; };
		39099B3B215AC10B002E6E25 /* SearchItemCollectionViewCell.xib in Resources */ = {isa = PBXBuildFile; fileRef = 39099B39215AC10B002E6E25 /* SearchItemCollectionViewCell.xib */; };
		39099B3D215AC3B0002E6E25 /* ItemModel.swift in Sources */ = {isa = PBXBuildFile; fileRef = 39099B3C215AC3B0002E6E25 /* ItemModel.swift */; };
		39099B3F215BC166002E6E25 /* RequestModel.swift in Sources */ = {isa = PBXBuildFile; fileRef = 39099B3E215BC166002E6E25 /* RequestModel.swift */; };
		39099B41215BC755002E6E25 /* ResponseServerModel.swift in Sources */ = {isa = PBXBuildFile; fileRef = 39099B40215BC755002E6E25 /* ResponseServerModel.swift */; };
		39099B43215BE3D2002E6E25 /* NetworkDataProvider.swift in Sources */ = {isa = PBXBuildFile; fileRef = 39099B42215BE3D2002E6E25 /* NetworkDataProvider.swift */; };
		39099B45215D28FA002E6E25 /* Extension.swift in Sources */ = {isa = PBXBuildFile; fileRef = 39099B44215D28FA002E6E25 /* Extension.swift */; };
		39099B47215D2DC9002E6E25 /* FilterController.swift in Sources */ = {isa = PBXBuildFile; fileRef = 39099B46215D2DC9002E6E25 /* FilterController.swift */; };
		39099B4B215D941F002E6E25 /* ShopTypeCollectionViewCell.swift in Sources */ = {isa = PBXBuildFile; fileRef = 39099B49215D941F002E6E25 /* ShopTypeCollectionViewCell.swift */; };
		39099B4C215D941F002E6E25 /* ShopTypeCollectionViewCell.xib in Resources */ = {isa = PBXBuildFile; fileRef = 39099B4A215D941F002E6E25 /* ShopTypeCollectionViewCell.xib */; };
		39099B4E215DAC64002E6E25 /* ShopTypeController.swift in Sources */ = {isa = PBXBuildFile; fileRef = 39099B4D215DAC64002E6E25 /* ShopTypeController.swift */; };
		39099B51215DACF4002E6E25 /* ShopTypeSelectionTableViewCell.swift in Sources */ = {isa = PBXBuildFile; fileRef = 39099B4F215DACF4002E6E25 /* ShopTypeSelectionTableViewCell.swift */; };
		39099B52215DACF4002E6E25 /* ShopTypeSelectionTableViewCell.xib in Resources */ = {isa = PBXBuildFile; fileRef = 39099B50215DACF4002E6E25 /* ShopTypeSelectionTableViewCell.xib */; };
		39099B54215DC053002E6E25 /* BaseFilterController.swift in Sources */ = {isa = PBXBuildFile; fileRef = 39099B53215DC053002E6E25 /* BaseFilterController.swift */; };
		5E316DDC5C1E48F900175247 /* libPods-Mini Project - Search FilterTests.a in Frameworks */ = {isa = PBXBuildFile; fileRef = CCDAA67ECE5983B05B44E435 /* libPods-Mini Project - Search FilterTests.a */; };
		90155F9C1F9DD1B512427EA4 /* libPods-Mini Project - Search Filter.a in Frameworks */ = {isa = PBXBuildFile; fileRef = 8E2FBD89F821F7C83E75F030 /* libPods-Mini Project - Search Filter.a */; };
/* End PBXBuildFile section */

/* Begin PBXContainerItemProxy section */
		39099B27215ABA84002E6E25 /* PBXContainerItemProxy */ = {
			isa = PBXContainerItemProxy;
			containerPortal = 39099B0A215ABA7E002E6E25 /* Project object */;
			proxyType = 1;
			remoteGlobalIDString = 39099B11215ABA7E002E6E25;
			remoteInfo = "Mini Project - Search Filter";
		};
/* End PBXContainerItemProxy section */

/* Begin PBXFileReference section */
		30999F4BD4AC8A3AD4D3DA2F /* Pods-Mini Project - Search Filter.debug.xcconfig */ = {isa = PBXFileReference; includeInIndex = 1; lastKnownFileType = text.xcconfig; name = "Pods-Mini Project - Search Filter.debug.xcconfig"; path = "Pods/Target Support Files/Pods-Mini Project - Search Filter/Pods-Mini Project - Search Filter.debug.xcconfig"; sourceTree = "<group>"; };
		39099B12215ABA7E002E6E25 /* Mini Project - Search Filter.app */ = {isa = PBXFileReference; explicitFileType = wrapper.application; includeInIndex = 0; path = "Mini Project - Search Filter.app"; sourceTree = BUILT_PRODUCTS_DIR; };
		39099B15215ABA7E002E6E25 /* AppDelegate.swift */ = {isa = PBXFileReference; lastKnownFileType = sourcecode.swift; path = AppDelegate.swift; sourceTree = "<group>"; };
		39099B17215ABA7E002E6E25 /* SearchController.swift */ = {isa = PBXFileReference; lastKnownFileType = sourcecode.swift; path = SearchController.swift; sourceTree = "<group>"; };
		39099B1A215ABA7E002E6E25 /* Base */ = {isa = PBXFileReference; lastKnownFileType = file.storyboard; name = Base; path = Base.lproj/Main.storyboard; sourceTree = "<group>"; };
		39099B1C215ABA83002E6E25 /* Assets.xcassets */ = {isa = PBXFileReference; lastKnownFileType = folder.assetcatalog; path = Assets.xcassets; sourceTree = "<group>"; };
		39099B1F215ABA83002E6E25 /* Base */ = {isa = PBXFileReference; lastKnownFileType = file.storyboard; name = Base; path = Base.lproj/LaunchScreen.storyboard; sourceTree = "<group>"; };
		39099B21215ABA83002E6E25 /* Info.plist */ = {isa = PBXFileReference; lastKnownFileType = text.plist.xml; path = Info.plist; sourceTree = "<group>"; };
		39099B26215ABA83002E6E25 /* Mini Project - Search FilterTests.xctest */ = {isa = PBXFileReference; explicitFileType = wrapper.cfbundle; includeInIndex = 0; path = "Mini Project - Search FilterTests.xctest"; sourceTree = BUILT_PRODUCTS_DIR; };
		39099B2A215ABA84002E6E25 /* Mini_Project___Search_FilterTests.swift */ = {isa = PBXFileReference; lastKnownFileType = sourcecode.swift; path = "Mini_Project___Search_FilterTests.swift"; sourceTree = "<group>"; };
		39099B2C215ABA84002E6E25 /* Info.plist */ = {isa = PBXFileReference; lastKnownFileType = text.plist.xml; path = Info.plist; sourceTree = "<group>"; };
		39099B38215AC10B002E6E25 /* SearchItemCollectionViewCell.swift */ = {isa = PBXFileReference; lastKnownFileType = sourcecode.swift; path = SearchItemCollectionViewCell.swift; sourceTree = "<group>"; };
		39099B39215AC10B002E6E25 /* SearchItemCollectionViewCell.xib */ = {isa = PBXFileReference; lastKnownFileType = file.xib; path = SearchItemCollectionViewCell.xib; sourceTree = "<group>"; };
		39099B3C215AC3B0002E6E25 /* ItemModel.swift */ = {isa = PBXFileReference; lastKnownFileType = sourcecode.swift; path = ItemModel.swift; sourceTree = "<group>"; };
		39099B3E215BC166002E6E25 /* RequestModel.swift */ = {isa = PBXFileReference; lastKnownFileType = sourcecode.swift; path = RequestModel.swift; sourceTree = "<group>"; };
		39099B40215BC755002E6E25 /* ResponseServerModel.swift */ = {isa = PBXFileReference; lastKnownFileType = sourcecode.swift; path = ResponseServerModel.swift; sourceTree = "<group>"; };
		39099B42215BE3D2002E6E25 /* NetworkDataProvider.swift */ = {isa = PBXFileReference; lastKnownFileType = sourcecode.swift; path = NetworkDataProvider.swift; sourceTree = "<group>"; };
		39099B44215D28FA002E6E25 /* Extension.swift */ = {isa = PBXFileReference; lastKnownFileType = sourcecode.swift; path = Extension.swift; sourceTree = "<group>"; };
		39099B46215D2DC9002E6E25 /* FilterController.swift */ = {isa = PBXFileReference; lastKnownFileType = sourcecode.swift; path = FilterController.swift; sourceTree = "<group>"; };
		39099B49215D941F002E6E25 /* ShopTypeCollectionViewCell.swift */ = {isa = PBXFileReference; lastKnownFileType = sourcecode.swift; path = ShopTypeCollectionViewCell.swift; sourceTree = "<group>"; };
		39099B4A215D941F002E6E25 /* ShopTypeCollectionViewCell.xib */ = {isa = PBXFileReference; lastKnownFileType = file.xib; path = ShopTypeCollectionViewCell.xib; sourceTree = "<group>"; };
		39099B4D215DAC64002E6E25 /* ShopTypeController.swift */ = {isa = PBXFileReference; lastKnownFileType = sourcecode.swift; path = ShopTypeController.swift; sourceTree = "<group>"; };
		39099B4F215DACF4002E6E25 /* ShopTypeSelectionTableViewCell.swift */ = {isa = PBXFileReference; lastKnownFileType = sourcecode.swift; path = ShopTypeSelectionTableViewCell.swift; sourceTree = "<group>"; };
		39099B50215DACF4002E6E25 /* ShopTypeSelectionTableViewCell.xib */ = {isa = PBXFileReference; lastKnownFileType = file.xib; path = ShopTypeSelectionTableViewCell.xib; sourceTree = "<group>"; };
		39099B53215DC053002E6E25 /* BaseFilterController.swift */ = {isa = PBXFileReference; lastKnownFileType = sourcecode.swift; path = BaseFilterController.swift; sourceTree = "<group>"; };
		8E2FBD89F821F7C83E75F030 /* libPods-Mini Project - Search Filter.a */ = {isa = PBXFileReference; explicitFileType = archive.ar; includeInIndex = 0; path = "libPods-Mini Project - Search Filter.a"; sourceTree = BUILT_PRODUCTS_DIR; };
		B5187B2F4F709E587EEEAF49 /* Pods-Mini Project - Search FilterTests.debug.xcconfig */ = {isa = PBXFileReference; includeInIndex = 1; lastKnownFileType = text.xcconfig; name = "Pods-Mini Project - Search FilterTests.debug.xcconfig"; path = "Pods/Target Support Files/Pods-Mini Project - Search FilterTests/Pods-Mini Project - Search FilterTests.debug.xcconfig"; sourceTree = "<group>"; };
		CCDAA67ECE5983B05B44E435 /* libPods-Mini Project - Search FilterTests.a */ = {isa = PBXFileReference; explicitFileType = archive.ar; includeInIndex = 0; path = "libPods-Mini Project - Search FilterTests.a"; sourceTree = BUILT_PRODUCTS_DIR; };
		D4F94FBB2C08B7CEDC1EF779 /* Pods-Mini Project - Search Filter.release.xcconfig */ = {isa = PBXFileReference; includeInIndex = 1; lastKnownFileType = text.xcconfig; name = "Pods-Mini Project - Search Filter.release.xcconfig"; path = "Pods/Target Support Files/Pods-Mini Project - Search Filter/Pods-Mini Project - Search Filter.release.xcconfig"; sourceTree = "<group>"; };
		D9653E16CAF4B5E3ECB292A0 /* Pods-Mini Project - Search FilterTests.release.xcconfig */ = {isa = PBXFileReference; includeInIndex = 1; lastKnownFileType = text.xcconfig; name = "Pods-Mini Project - Search FilterTests.release.xcconfig"; path = "Pods/Target Support Files/Pods-Mini Project - Search FilterTests/Pods-Mini Project - Search FilterTests.release.xcconfig"; sourceTree = "<group>"; };
/* End PBXFileReference section */

/* Begin PBXFrameworksBuildPhase section */
		39099B0F215ABA7E002E6E25 /* Frameworks */ = {
			isa = PBXFrameworksBuildPhase;
			buildActionMask = 2147483647;
			files = (
				90155F9C1F9DD1B512427EA4 /* libPods-Mini Project - Search Filter.a in Frameworks */,
			);
			runOnlyForDeploymentPostprocessing = 0;
		};
		39099B23215ABA83002E6E25 /* Frameworks */ = {
			isa = PBXFrameworksBuildPhase;
			buildActionMask = 2147483647;
			files = (
				5E316DDC5C1E48F900175247 /* libPods-Mini Project - Search FilterTests.a in Frameworks */,
			);
			runOnlyForDeploymentPostprocessing = 0;
		};
/* End PBXFrameworksBuildPhase section */

/* Begin PBXGroup section */
		0BB23DA7796507E1CFCEF1AA /* Frameworks */ = {
			isa = PBXGroup;
			children = (
				8E2FBD89F821F7C83E75F030 /* libPods-Mini Project - Search Filter.a */,
				CCDAA67ECE5983B05B44E435 /* libPods-Mini Project - Search FilterTests.a */,
			);
			name = Frameworks;
			sourceTree = "<group>";
		};
		39099B09215ABA7E002E6E25 = {
			isa = PBXGroup;
			children = (
				39099B14215ABA7E002E6E25 /* Mini Project - Search Filter */,
				39099B29215ABA84002E6E25 /* Mini Project - Search FilterTests */,
				39099B13215ABA7E002E6E25 /* Products */,
				78ADC81B102CB65CCBA8E24A /* Pods */,
				0BB23DA7796507E1CFCEF1AA /* Frameworks */,
			);
			sourceTree = "<group>";
		};
		39099B13215ABA7E002E6E25 /* Products */ = {
			isa = PBXGroup;
			children = (
				39099B12215ABA7E002E6E25 /* Mini Project - Search Filter.app */,
				39099B26215ABA83002E6E25 /* Mini Project - Search FilterTests.xctest */,
			);
			name = Products;
			sourceTree = "<group>";
		};
		39099B14215ABA7E002E6E25 /* Mini Project - Search Filter */ = {
			isa = PBXGroup;
			children = (
				39099B48215D938C002E6E25 /* Supporting Files */,
				39099B37215AC0D3002E6E25 /* Model */,
				39099B36215AC0CB002E6E25 /* View */,
				39099B35215AC097002E6E25 /* View Controller */,
				39099B19215ABA7E002E6E25 /* Main.storyboard */,
				39099B1E215ABA83002E6E25 /* LaunchScreen.storyboard */,
				39099B42215BE3D2002E6E25 /* NetworkDataProvider.swift */,
				39099B44215D28FA002E6E25 /* Extension.swift */,
			);
			path = "Mini Project - Search Filter";
			sourceTree = "<group>";
		};
		39099B29215ABA84002E6E25 /* Mini Project - Search FilterTests */ = {
			isa = PBXGroup;
			children = (
				39099B2A215ABA84002E6E25 /* Mini_Project___Search_FilterTests.swift */,
				39099B2C215ABA84002E6E25 /* Info.plist */,
			);
			path = "Mini Project - Search FilterTests";
			sourceTree = "<group>";
		};
		39099B35215AC097002E6E25 /* View Controller */ = {
			isa = PBXGroup;
			children = (
				39099B17215ABA7E002E6E25 /* SearchController.swift */,
				39099B46215D2DC9002E6E25 /* FilterController.swift */,
				39099B4D215DAC64002E6E25 /* ShopTypeController.swift */,
				39099B53215DC053002E6E25 /* BaseFilterController.swift */,
			);
			path = "View Controller";
			sourceTree = "<group>";
		};
		39099B36215AC0CB002E6E25 /* View */ = {
			isa = PBXGroup;
			children = (
				39099B38215AC10B002E6E25 /* SearchItemCollectionViewCell.swift */,
				39099B39215AC10B002E6E25 /* SearchItemCollectionViewCell.xib */,
				39099B49215D941F002E6E25 /* ShopTypeCollectionViewCell.swift */,
				39099B4A215D941F002E6E25 /* ShopTypeCollectionViewCell.xib */,
				39099B4F215DACF4002E6E25 /* ShopTypeSelectionTableViewCell.swift */,
				39099B50215DACF4002E6E25 /* ShopTypeSelectionTableViewCell.xib */,
			);
			path = View;
			sourceTree = "<group>";
		};
		39099B37215AC0D3002E6E25 /* Model */ = {
			isa = PBXGroup;
			children = (
				39099B3C215AC3B0002E6E25 /* ItemModel.swift */,
				39099B3E215BC166002E6E25 /* RequestModel.swift */,
				39099B40215BC755002E6E25 /* ResponseServerModel.swift */,
			);
			path = Model;
			sourceTree = "<group>";
		};
		39099B48215D938C002E6E25 /* Supporting Files */ = {
			isa = PBXGroup;
			children = (
				39099B15215ABA7E002E6E25 /* AppDelegate.swift */,
				39099B1C215ABA83002E6E25 /* Assets.xcassets */,
				39099B21215ABA83002E6E25 /* Info.plist */,
			);
			path = "Supporting Files";
			sourceTree = "<group>";
		};
		78ADC81B102CB65CCBA8E24A /* Pods */ = {
			isa = PBXGroup;
			children = (
				30999F4BD4AC8A3AD4D3DA2F /* Pods-Mini Project - Search Filter.debug.xcconfig */,
				D4F94FBB2C08B7CEDC1EF779 /* Pods-Mini Project - Search Filter.release.xcconfig */,
				B5187B2F4F709E587EEEAF49 /* Pods-Mini Project - Search FilterTests.debug.xcconfig */,
				D9653E16CAF4B5E3ECB292A0 /* Pods-Mini Project - Search FilterTests.release.xcconfig */,
			);
			name = Pods;
			sourceTree = "<group>";
		};
/* End PBXGroup section */

/* Begin PBXNativeTarget section */
		39099B11215ABA7E002E6E25 /* Mini Project - Search Filter */ = {
			isa = PBXNativeTarget;
			buildConfigurationList = 39099B2F215ABA84002E6E25 /* Build configuration list for PBXNativeTarget "Mini Project - Search Filter" */;
			buildPhases = (
				7AA2391210253FD3B392FA02 /* [CP] Check Pods Manifest.lock */,
				39099B0E215ABA7E002E6E25 /* Sources */,
				39099B0F215ABA7E002E6E25 /* Frameworks */,
				39099B10215ABA7E002E6E25 /* Resources */,
			);
			buildRules = (
			);
			dependencies = (
			);
			name = "Mini Project - Search Filter";
			productName = "Mini Project - Search Filter";
			productReference = 39099B12215ABA7E002E6E25 /* Mini Project - Search Filter.app */;
			productType = "com.apple.product-type.application";
		};
		39099B25215ABA83002E6E25 /* Mini Project - Search FilterTests */ = {
			isa = PBXNativeTarget;
			buildConfigurationList = 39099B32215ABA84002E6E25 /* Build configuration list for PBXNativeTarget "Mini Project - Search FilterTests" */;
			buildPhases = (
				069F5F4BE18B6024B55CB29E /* [CP] Check Pods Manifest.lock */,
				39099B22215ABA83002E6E25 /* Sources */,
				39099B23215ABA83002E6E25 /* Frameworks */,
				39099B24215ABA83002E6E25 /* Resources */,
			);
			buildRules = (
			);
			dependencies = (
				39099B28215ABA84002E6E25 /* PBXTargetDependency */,
			);
			name = "Mini Project - Search FilterTests";
			productName = "Mini Project - Search FilterTests";
			productReference = 39099B26215ABA83002E6E25 /* Mini Project - Search FilterTests.xctest */;
			productType = "com.apple.product-type.bundle.unit-test";
		};
/* End PBXNativeTarget section */

/* Begin PBXProject section */
		39099B0A215ABA7E002E6E25 /* Project object */ = {
			isa = PBXProject;
			attributes = {
				LastSwiftUpdateCheck = 1000;
				LastUpgradeCheck = 1000;
				ORGANIZATIONNAME = "Narayana Wijaya";
				TargetAttributes = {
					39099B11215ABA7E002E6E25 = {
						CreatedOnToolsVersion = 10.0;
					};
					39099B25215ABA83002E6E25 = {
						CreatedOnToolsVersion = 10.0;
						TestTargetID = 39099B11215ABA7E002E6E25;
					};
				};
			};
			buildConfigurationList = 39099B0D215ABA7E002E6E25 /* Build configuration list for PBXProject "Mini Project - Search Filter" */;
			compatibilityVersion = "Xcode 9.3";
			developmentRegion = en;
			hasScannedForEncodings = 0;
			knownRegions = (
				en,
				Base,
			);
			mainGroup = 39099B09215ABA7E002E6E25;
			productRefGroup = 39099B13215ABA7E002E6E25 /* Products */;
			projectDirPath = "";
			projectRoot = "";
			targets = (
				39099B11215ABA7E002E6E25 /* Mini Project - Search Filter */,
				39099B25215ABA83002E6E25 /* Mini Project - Search FilterTests */,
			);
		};
/* End PBXProject section */

/* Begin PBXResourcesBuildPhase section */
		39099B10215ABA7E002E6E25 /* Resources */ = {
			isa = PBXResourcesBuildPhase;
			buildActionMask = 2147483647;
			files = (
				39099B20215ABA83002E6E25 /* LaunchScreen.storyboard in Resources */,
				39099B1D215ABA83002E6E25 /* Assets.xcassets in Resources */,
				39099B3B215AC10B002E6E25 /* SearchItemCollectionViewCell.xib in Resources */,
				39099B1B215ABA7E002E6E25 /* Main.storyboard in Resources */,
				39099B52215DACF4002E6E25 /* ShopTypeSelectionTableViewCell.xib in Resources */,
				39099B4C215D941F002E6E25 /* ShopTypeCollectionViewCell.xib in Resources */,
			);
			runOnlyForDeploymentPostprocessing = 0;
		};
		39099B24215ABA83002E6E25 /* Resources */ = {
			isa = PBXResourcesBuildPhase;
			buildActionMask = 2147483647;
			files = (
			);
			runOnlyForDeploymentPostprocessing = 0;
		};
/* End PBXResourcesBuildPhase section */

/* Begin PBXShellScriptBuildPhase section */
		069F5F4BE18B6024B55CB29E /* [CP] Check Pods Manifest.lock */ = {
			isa = PBXShellScriptBuildPhase;
			buildActionMask = 2147483647;
			files = (
			);
			inputFileListPaths = (
			);
			inputPaths = (
				"${PODS_PODFILE_DIR_PATH}/Podfile.lock",
				"${PODS_ROOT}/Manifest.lock",
			);
			name = "[CP] Check Pods Manifest.lock";
			outputFileListPaths = (
			);
			outputPaths = (
				"$(DERIVED_FILE_DIR)/Pods-Mini Project - Search FilterTests-checkManifestLockResult.txt",
			);
			runOnlyForDeploymentPostprocessing = 0;
			shellPath = /bin/sh;
			shellScript = "diff \"${PODS_PODFILE_DIR_PATH}/Podfile.lock\" \"${PODS_ROOT}/Manifest.lock\" > /dev/null\nif [ $? != 0 ] ; then\n    # print error to STDERR\n    echo \"error: The sandbox is not in sync with the Podfile.lock. Run 'pod install' or update your CocoaPods installation.\" >&2\n    exit 1\nfi\n# This output is used by Xcode 'outputs' to avoid re-running this script phase.\necho \"SUCCESS\" > \"${SCRIPT_OUTPUT_FILE_0}\"\n";
			showEnvVarsInLog = 0;
		};
		7AA2391210253FD3B392FA02 /* [CP] Check Pods Manifest.lock */ = {
			isa = PBXShellScriptBuildPhase;
			buildActionMask = 2147483647;
			files = (
			);
			inputFileListPaths = (
			);
			inputPaths = (
				"${PODS_PODFILE_DIR_PATH}/Podfile.lock",
				"${PODS_ROOT}/Manifest.lock",
			);
			name = "[CP] Check Pods Manifest.lock";
			outputFileListPaths = (
			);
			outputPaths = (
				"$(DERIVED_FILE_DIR)/Pods-Mini Project - Search Filter-checkManifestLockResult.txt",
			);
			runOnlyForDeploymentPostprocessing = 0;
			shellPath = /bin/sh;
			shellScript = "diff \"${PODS_PODFILE_DIR_PATH}/Podfile.lock\" \"${PODS_ROOT}/Manifest.lock\" > /dev/null\nif [ $? != 0 ] ; then\n    # print error to STDERR\n    echo \"error: The sandbox is not in sync with the Podfile.lock. Run 'pod install' or update your CocoaPods installation.\" >&2\n    exit 1\nfi\n# This output is used by Xcode 'outputs' to avoid re-running this script phase.\necho \"SUCCESS\" > \"${SCRIPT_OUTPUT_FILE_0}\"\n";
			showEnvVarsInLog = 0;
		};
/* End PBXShellScriptBuildPhase section */

/* Begin PBXSourcesBuildPhase section */
		39099B0E215ABA7E002E6E25 /* Sources */ = {
			isa = PBXSourcesBuildPhase;
			buildActionMask = 2147483647;
			files = (
				39099B51215DACF4002E6E25 /* ShopTypeSelectionTableViewCell.swift in Sources */,
				39099B3F215BC166002E6E25 /* RequestModel.swift in Sources */,
				39099B18215ABA7E002E6E25 /* SearchController.swift in Sources */,
				39099B4B215D941F002E6E25 /* ShopTypeCollectionViewCell.swift in Sources */,
				39099B3A215AC10B002E6E25 /* SearchItemCollectionViewCell.swift in Sources */,
				39099B3D215AC3B0002E6E25 /* ItemModel.swift in Sources */,
				39099B16215ABA7E002E6E25 /* AppDelegate.swift in Sources */,
				39099B43215BE3D2002E6E25 /* NetworkDataProvider.swift in Sources */,
				39099B54215DC053002E6E25 /* BaseFilterController.swift in Sources */,
				39099B47215D2DC9002E6E25 /* FilterController.swift in Sources */,
				39099B41215BC755002E6E25 /* ResponseServerModel.swift in Sources */,
				39099B45215D28FA002E6E25 /* Extension.swift in Sources */,
				39099B4E215DAC64002E6E25 /* ShopTypeController.swift in Sources */,
			);
			runOnlyForDeploymentPostprocessing = 0;
		};
		39099B22215ABA83002E6E25 /* Sources */ = {
			isa = PBXSourcesBuildPhase;
			buildActionMask = 2147483647;
			files = (
				39099B2B215ABA84002E6E25 /* Mini_Project___Search_FilterTests.swift in Sources */,
			);
			runOnlyForDeploymentPostprocessing = 0;
		};
/* End PBXSourcesBuildPhase section */

/* Begin PBXTargetDependency section */
		39099B28215ABA84002E6E25 /* PBXTargetDependency */ = {
			isa = PBXTargetDependency;
			target = 39099B11215ABA7E002E6E25 /* Mini Project - Search Filter */;
			targetProxy = 39099B27215ABA84002E6E25 /* PBXContainerItemProxy */;
		};
/* End PBXTargetDependency section */

/* Begin PBXVariantGroup section */
		39099B19215ABA7E002E6E25 /* Main.storyboard */ = {
			isa = PBXVariantGroup;
			children = (
				39099B1A215ABA7E002E6E25 /* Base */,
			);
			name = Main.storyboard;
			sourceTree = "<group>";
		};
		39099B1E215ABA83002E6E25 /* LaunchScreen.storyboard */ = {
			isa = PBXVariantGroup;
			children = (
				39099B1F215ABA83002E6E25 /* Base */,
			);
			name = LaunchScreen.storyboard;
			sourceTree = "<group>";
		};
/* End PBXVariantGroup section */

/* Begin XCBuildConfiguration section */
		39099B2D215ABA84002E6E25 /* Debug */ = {
			isa = XCBuildConfiguration;
			buildSettings = {
				ALWAYS_SEARCH_USER_PATHS = NO;
				CLANG_ANALYZER_NONNULL = YES;
				CLANG_ANALYZER_NUMBER_OBJECT_CONVERSION = YES_AGGRESSIVE;
				CLANG_CXX_LANGUAGE_STANDARD = "gnu++14";
				CLANG_CXX_LIBRARY = "libc++";
				CLANG_ENABLE_MODULES = YES;
				CLANG_ENABLE_OBJC_ARC = YES;
				CLANG_ENABLE_OBJC_WEAK = YES;
				CLANG_WARN_BLOCK_CAPTURE_AUTORELEASING = YES;
				CLANG_WARN_BOOL_CONVERSION = YES;
				CLANG_WARN_COMMA = YES;
				CLANG_WARN_CONSTANT_CONVERSION = YES;
				CLANG_WARN_DEPRECATED_OBJC_IMPLEMENTATIONS = YES;
				CLANG_WARN_DIRECT_OBJC_ISA_USAGE = YES_ERROR;
				CLANG_WARN_DOCUMENTATION_COMMENTS = YES;
				CLANG_WARN_EMPTY_BODY = YES;
				CLANG_WARN_ENUM_CONVERSION = YES;
				CLANG_WARN_INFINITE_RECURSION = YES;
				CLANG_WARN_INT_CONVERSION = YES;
				CLANG_WARN_NON_LITERAL_NULL_CONVERSION = YES;
				CLANG_WARN_OBJC_IMPLICIT_RETAIN_SELF = YES;
				CLANG_WARN_OBJC_LITERAL_CONVERSION = YES;
				CLANG_WARN_OBJC_ROOT_CLASS = YES_ERROR;
				CLANG_WARN_RANGE_LOOP_ANALYSIS = YES;
				CLANG_WARN_STRICT_PROTOTYPES = YES;
				CLANG_WARN_SUSPICIOUS_MOVE = YES;
				CLANG_WARN_UNGUARDED_AVAILABILITY = YES_AGGRESSIVE;
				CLANG_WARN_UNREACHABLE_CODE = YES;
				CLANG_WARN__DUPLICATE_METHOD_MATCH = YES;
				CODE_SIGN_IDENTITY = "iPhone Developer";
				COPY_PHASE_STRIP = NO;
				DEBUG_INFORMATION_FORMAT = dwarf;
				ENABLE_STRICT_OBJC_MSGSEND = YES;
				ENABLE_TESTABILITY = YES;
				GCC_C_LANGUAGE_STANDARD = gnu11;
				GCC_DYNAMIC_NO_PIC = NO;
				GCC_NO_COMMON_BLOCKS = YES;
				GCC_OPTIMIZATION_LEVEL = 0;
				GCC_PREPROCESSOR_DEFINITIONS = (
					"DEBUG=1",
					"$(inherited)",
				);
				GCC_WARN_64_TO_32_BIT_CONVERSION = YES;
				GCC_WARN_ABOUT_RETURN_TYPE = YES_ERROR;
				GCC_WARN_UNDECLARED_SELECTOR = YES;
				GCC_WARN_UNINITIALIZED_AUTOS = YES_AGGRESSIVE;
				GCC_WARN_UNUSED_FUNCTION = YES;
				GCC_WARN_UNUSED_VARIABLE = YES;
				IPHONEOS_DEPLOYMENT_TARGET = 12.0;
				MTL_ENABLE_DEBUG_INFO = INCLUDE_SOURCE;
				MTL_FAST_MATH = YES;
				ONLY_ACTIVE_ARCH = YES;
				SDKROOT = iphoneos;
				SWIFT_ACTIVE_COMPILATION_CONDITIONS = DEBUG;
				SWIFT_OPTIMIZATION_LEVEL = "-Onone";
			};
			name = Debug;
		};
		39099B2E215ABA84002E6E25 /* Release */ = {
			isa = XCBuildConfiguration;
			buildSettings = {
				ALWAYS_SEARCH_USER_PATHS = NO;
				CLANG_ANALYZER_NONNULL = YES;
				CLANG_ANALYZER_NUMBER_OBJECT_CONVERSION = YES_AGGRESSIVE;
				CLANG_CXX_LANGUAGE_STANDARD = "gnu++14";
				CLANG_CXX_LIBRARY = "libc++";
				CLANG_ENABLE_MODULES = YES;
				CLANG_ENABLE_OBJC_ARC = YES;
				CLANG_ENABLE_OBJC_WEAK = YES;
				CLANG_WARN_BLOCK_CAPTURE_AUTORELEASING = YES;
				CLANG_WARN_BOOL_CONVERSION = YES;
				CLANG_WARN_COMMA = YES;
				CLANG_WARN_CONSTANT_CONVERSION = YES;
				CLANG_WARN_DEPRECATED_OBJC_IMPLEMENTATIONS = YES;
				CLANG_WARN_DIRECT_OBJC_ISA_USAGE = YES_ERROR;
				CLANG_WARN_DOCUMENTATION_COMMENTS = YES;
				CLANG_WARN_EMPTY_BODY = YES;
				CLANG_WARN_ENUM_CONVERSION = YES;
				CLANG_WARN_INFINITE_RECURSION = YES;
				CLANG_WARN_INT_CONVERSION = YES;
				CLANG_WARN_NON_LITERAL_NULL_CONVERSION = YES;
				CLANG_WARN_OBJC_IMPLICIT_RETAIN_SELF = YES;
				CLANG_WARN_OBJC_LITERAL_CONVERSION = YES;
				CLANG_WARN_OBJC_ROOT_CLASS = YES_ERROR;
				CLANG_WARN_RANGE_LOOP_ANALYSIS = YES;
				CLANG_WARN_STRICT_PROTOTYPES = YES;
				CLANG_WARN_SUSPICIOUS_MOVE = YES;
				CLANG_WARN_UNGUARDED_AVAILABILITY = YES_AGGRESSIVE;
				CLANG_WARN_UNREACHABLE_CODE = YES;
				CLANG_WARN__DUPLICATE_METHOD_MATCH = YES;
				CODE_SIGN_IDENTITY = "iPhone Developer";
				COPY_PHASE_STRIP = NO;
				DEBUG_INFORMATION_FORMAT = "dwarf-with-dsym";
				ENABLE_NS_ASSERTIONS = NO;
				ENABLE_STRICT_OBJC_MSGSEND = YES;
				GCC_C_LANGUAGE_STANDARD = gnu11;
				GCC_NO_COMMON_BLOCKS = YES;
				GCC_WARN_64_TO_32_BIT_CONVERSION = YES;
				GCC_WARN_ABOUT_RETURN_TYPE = YES_ERROR;
				GCC_WARN_UNDECLARED_SELECTOR = YES;
				GCC_WARN_UNINITIALIZED_AUTOS = YES_AGGRESSIVE;
				GCC_WARN_UNUSED_FUNCTION = YES;
				GCC_WARN_UNUSED_VARIABLE = YES;
				IPHONEOS_DEPLOYMENT_TARGET = 12.0;
				MTL_ENABLE_DEBUG_INFO = NO;
				MTL_FAST_MATH = YES;
				SDKROOT = iphoneos;
				SWIFT_COMPILATION_MODE = wholemodule;
				SWIFT_OPTIMIZATION_LEVEL = "-O";
				VALIDATE_PRODUCT = YES;
			};
			name = Release;
		};
		39099B30215ABA84002E6E25 /* Debug */ = {
			isa = XCBuildConfiguration;
			baseConfigurationReference = 30999F4BD4AC8A3AD4D3DA2F /* Pods-Mini Project - Search Filter.debug.xcconfig */;
			buildSettings = {
				ASSETCATALOG_COMPILER_APPICON_NAME = AppIcon;
				CODE_SIGN_STYLE = Automatic;
				DEVELOPMENT_TEAM = W224X6EJ52;
				INFOPLIST_FILE = "$(SRCROOT)/Mini Project - Search Filter/Supporting Files/Info.plist";
				LD_RUNPATH_SEARCH_PATHS = (
					"$(inherited)",
					"@executable_path/Frameworks",
				);
				PRODUCT_BUNDLE_IDENTIFIER = "NW.Mini-Project---Search-Filter";
				PRODUCT_NAME = "$(TARGET_NAME)";
				SWIFT_VERSION = 4.2;
				TARGETED_DEVICE_FAMILY = "1,2";
			};
			name = Debug;
		};
		39099B31215ABA84002E6E25 /* Release */ = {
			isa = XCBuildConfiguration;
			baseConfigurationReference = D4F94FBB2C08B7CEDC1EF779 /* Pods-Mini Project - Search Filter.release.xcconfig */;
			buildSettings = {
				ASSETCATALOG_COMPILER_APPICON_NAME = AppIcon;
				CODE_SIGN_STYLE = Automatic;
				DEVELOPMENT_TEAM = W224X6EJ52;
				INFOPLIST_FILE = "$(SRCROOT)/Mini Project - Search Filter/Supporting Files/Info.plist";
				LD_RUNPATH_SEARCH_PATHS = (
					"$(inherited)",
					"@executable_path/Frameworks",
				);
				PRODUCT_BUNDLE_IDENTIFIER = "NW.Mini-Project---Search-Filter";
				PRODUCT_NAME = "$(TARGET_NAME)";
				SWIFT_VERSION = 4.2;
				TARGETED_DEVICE_FAMILY = "1,2";
			};
			name = Release;
		};
		39099B33215ABA84002E6E25 /* Debug */ = {
			isa = XCBuildConfiguration;
			baseConfigurationReference = B5187B2F4F709E587EEEAF49 /* Pods-Mini Project - Search FilterTests.debug.xcconfig */;
			buildSettings = {
				ALWAYS_EMBED_SWIFT_STANDARD_LIBRARIES = YES;
				BUNDLE_LOADER = "$(TEST_HOST)";
				CODE_SIGN_STYLE = Automatic;
				DEVELOPMENT_TEAM = W224X6EJ52;
				INFOPLIST_FILE = "Mini Project - Search FilterTests/Info.plist";
				LD_RUNPATH_SEARCH_PATHS = (
					"$(inherited)",
					"@executable_path/Frameworks",
					"@loader_path/Frameworks",
				);
				PRODUCT_BUNDLE_IDENTIFIER = "NW.Mini-Project---Search-FilterTests";
				PRODUCT_NAME = "$(TARGET_NAME)";
				SWIFT_VERSION = 4.2;
				TARGETED_DEVICE_FAMILY = "1,2";
				TEST_HOST = "$(BUILT_PRODUCTS_DIR)/Mini Project - Search Filter.app/Mini Project - Search Filter";
			};
			name = Debug;
		};
		39099B34215ABA84002E6E25 /* Release */ = {
			isa = XCBuildConfiguration;
			baseConfigurationReference = D9653E16CAF4B5E3ECB292A0 /* Pods-Mini Project - Search FilterTests.release.xcconfig */;
			buildSettings = {
				ALWAYS_EMBED_SWIFT_STANDARD_LIBRARIES = YES;
				BUNDLE_LOADER = "$(TEST_HOST)";
				CODE_SIGN_STYLE = Automatic;
				DEVELOPMENT_TEAM = W224X6EJ52;
				INFOPLIST_FILE = "Mini Project - Search FilterTests/Info.plist";
				LD_RUNPATH_SEARCH_PATHS = (
					"$(inherited)",
					"@executable_path/Frameworks",
					"@loader_path/Frameworks",
				);
				PRODUCT_BUNDLE_IDENTIFIER = "NW.Mini-Project---Search-FilterTests";
				PRODUCT_NAME = "$(TARGET_NAME)";
				SWIFT_VERSION = 4.2;
				TARGETED_DEVICE_FAMILY = "1,2";
				TEST_HOST = "$(BUILT_PRODUCTS_DIR)/Mini Project - Search Filter.app/Mini Project - Search Filter";
			};
			name = Release;
		};
/* End XCBuildConfiguration section */

/* Begin XCConfigurationList section */
		39099B0D215ABA7E002E6E25 /* Build configuration list for PBXProject "Mini Project - Search Filter" */ = {
			isa = XCConfigurationList;
			buildConfigurations = (
				39099B2D215ABA84002E6E25 /* Debug */,
				39099B2E215ABA84002E6E25 /* Release */,
			);
			defaultConfigurationIsVisible = 0;
			defaultConfigurationName = Release;
		};
		39099B2F215ABA84002E6E25 /* Build configuration list for PBXNativeTarget "Mini Project - Search Filter" */ = {
			isa = XCConfigurationList;
			buildConfigurations = (
				39099B30215ABA84002E6E25 /* Debug */,
				39099B31215ABA84002E6E25 /* Release */,
			);
			defaultConfigurationIsVisible = 0;
			defaultConfigurationName = Release;
		};
		39099B32215ABA84002E6E25 /* Build configuration list for PBXNativeTarget "Mini Project - Search FilterTests" */ = {
			isa = XCConfigurationList;
			buildConfigurations = (
				39099B33215ABA84002E6E25 /* Debug */,
				39099B34215ABA84002E6E25 /* Release */,
			);
			defaultConfigurationIsVisible = 0;
			defaultConfigurationName = Release;
		};
/* End XCConfigurationList section */
	};
	rootObject = 39099B0A215ABA7E002E6E25 /* Project object */;
}
